// !$*UTF8*$!
{
	archiveVersion = 1;
	classes = {
	};
	objectVersion = 46;
	objects = {

/* Begin PBXBuildFile section */
		4A7E29E21BE2A4590071A8A7 /* AppDelegate.swift in Sources */ = {isa = PBXBuildFile; fileRef = 4A7E29E11BE2A4590071A8A7 /* AppDelegate.swift */; };
		4A7E29E71BE2A4590071A8A7 /* Main.storyboard in Resources */ = {isa = PBXBuildFile; fileRef = 4A7E29E51BE2A4590071A8A7 /* Main.storyboard */; };
		4A7E29E91BE2A4590071A8A7 /* Assets.xcassets in Resources */ = {isa = PBXBuildFile; fileRef = 4A7E29E81BE2A4590071A8A7 /* Assets.xcassets */; };
		4A7E29EC1BE2A4590071A8A7 /* LaunchScreen.storyboard in Resources */ = {isa = PBXBuildFile; fileRef = 4A7E29EA1BE2A4590071A8A7 /* LaunchScreen.storyboard */; };
		4A7E29F71BE2A4590071A8A7 /* ReusableCellExampleTests.swift in Sources */ = {isa = PBXBuildFile; fileRef = 4A7E29F61BE2A4590071A8A7 /* ReusableCellExampleTests.swift */; };
		4A7E2A021BE2A4590071A8A7 /* ReusableCellExampleUITests.swift in Sources */ = {isa = PBXBuildFile; fileRef = 4A7E2A011BE2A4590071A8A7 /* ReusableCellExampleUITests.swift */; };
		4A7E2A111BE2A4CE0071A8A7 /* TableViewCell.swift in Sources */ = {isa = PBXBuildFile; fileRef = 4A7E2A0F1BE2A4CE0071A8A7 /* TableViewCell.swift */; };
		4A7E2A121BE2A4CE0071A8A7 /* TableViewCell.xib in Resources */ = {isa = PBXBuildFile; fileRef = 4A7E2A101BE2A4CE0071A8A7 /* TableViewCell.xib */; };
		4A7E2A161BE2B6D30071A8A7 /* TableViewController.swift in Sources */ = {isa = PBXBuildFile; fileRef = 4A7E2A151BE2B6D30071A8A7 /* TableViewController.swift */; };
/* End PBXBuildFile section */

/* Begin PBXContainerItemProxy section */
		4A7E29F31BE2A4590071A8A7 /* PBXContainerItemProxy */ = {
			isa = PBXContainerItemProxy;
			containerPortal = 4A7E29D61BE2A4590071A8A7 /* Project object */;
			proxyType = 1;
			remoteGlobalIDString = 4A7E29DD1BE2A4590071A8A7;
			remoteInfo = ReusableCellExample;
		};
		4A7E29FE1BE2A4590071A8A7 /* PBXContainerItemProxy */ = {
			isa = PBXContainerItemProxy;
			containerPortal = 4A7E29D61BE2A4590071A8A7 /* Project object */;
			proxyType = 1;
			remoteGlobalIDString = 4A7E29DD1BE2A4590071A8A7;
			remoteInfo = ReusableCellExample;
		};
/* End PBXContainerItemProxy section */

/* Begin PBXFileReference section */
		4A7E29DE1BE2A4590071A8A7 /* ReusableCellExample.app */ = {isa = PBXFileReference; explicitFileType = wrapper.application; includeInIndex = 0; path = ReusableCellExample.app; sourceTree = BUILT_PRODUCTS_DIR; };
		4A7E29E11BE2A4590071A8A7 /* AppDelegate.swift */ = {isa = PBXFileReference; lastKnownFileType = sourcecode.swift; path = AppDelegate.swift; sourceTree = "<group>"; };
		4A7E29E61BE2A4590071A8A7 /* Base */ = {isa = PBXFileReference; lastKnownFileType = file.storyboard; name = Base; path = Base.lproj/Main.storyboard; sourceTree = "<group>"; };
		4A7E29E81BE2A4590071A8A7 /* Assets.xcassets */ = {isa = PBXFileReference; lastKnownFileType = folder.assetcatalog; path = Assets.xcassets; sourceTree = "<group>"; };
		4A7E29EB1BE2A4590071A8A7 /* Base */ = {isa = PBXFileReference; lastKnownFileType = file.storyboard; name = Base; path = Base.lproj/LaunchScreen.storyboard; sourceTree = "<group>"; };
		4A7E29ED1BE2A4590071A8A7 /* Info.plist */ = {isa = PBXFileReference; lastKnownFileType = text.plist.xml; path = Info.plist; sourceTree = "<group>"; };
		4A7E29F21BE2A4590071A8A7 /* ReusableCellExampleTests.xctest */ = {isa = PBXFileReference; explicitFileType = wrapper.cfbundle; includeInIndex = 0; path = ReusableCellExampleTests.xctest; sourceTree = BUILT_PRODUCTS_DIR; };
		4A7E29F61BE2A4590071A8A7 /* ReusableCellExampleTests.swift */ = {isa = PBXFileReference; lastKnownFileType = sourcecode.swift; path = ReusableCellExampleTests.swift; sourceTree = "<group>"; };
		4A7E29F81BE2A4590071A8A7 /* Info.plist */ = {isa = PBXFileReference; lastKnownFileType = text.plist.xml; path = Info.plist; sourceTree = "<group>"; };
		4A7E29FD1BE2A4590071A8A7 /* ReusableCellExampleUITests.xctest */ = {isa = PBXFileReference; explicitFileType = wrapper.cfbundle; includeInIndex = 0; path = ReusableCellExampleUITests.xctest; sourceTree = BUILT_PRODUCTS_DIR; };
		4A7E2A011BE2A4590071A8A7 /* ReusableCellExampleUITests.swift */ = {isa = PBXFileReference; lastKnownFileType = sourcecode.swift; path = ReusableCellExampleUITests.swift; sourceTree = "<group>"; };
		4A7E2A031BE2A4590071A8A7 /* Info.plist */ = {isa = PBXFileReference; lastKnownFileType = text.plist.xml; path = Info.plist; sourceTree = "<group>"; };
		4A7E2A0F1BE2A4CE0071A8A7 /* TableViewCell.swift */ = {isa = PBXFileReference; fileEncoding = 4; lastKnownFileType = sourcecode.swift; path = TableViewCell.swift; sourceTree = "<group>"; };
		4A7E2A101BE2A4CE0071A8A7 /* TableViewCell.xib */ = {isa = PBXFileReference; fileEncoding = 4; lastKnownFileType = file.xib; path = TableViewCell.xib; sourceTree = "<group>"; };
		4A7E2A151BE2B6D30071A8A7 /* TableViewController.swift */ = {isa = PBXFileReference; fileEncoding = 4; lastKnownFileType = sourcecode.swift; path = TableViewController.swift; sourceTree = "<group>"; };
/* End PBXFileReference section */

/* Begin PBXFrameworksBuildPhase section */
		4A7E29DB1BE2A4590071A8A7 /* Frameworks */ = {
			isa = PBXFrameworksBuildPhase;
			buildActionMask = 2147483647;
			files = (
			);
			runOnlyForDeploymentPostprocessing = 0;
		};
		4A7E29EF1BE2A4590071A8A7 /* Frameworks */ = {
			isa = PBXFrameworksBuildPhase;
			buildActionMask = 2147483647;
			files = (
			);
			runOnlyForDeploymentPostprocessing = 0;
		};
		4A7E29FA1BE2A4590071A8A7 /* Frameworks */ = {
			isa = PBXFrameworksBuildPhase;
			buildActionMask = 2147483647;
			files = (
			);
			runOnlyForDeploymentPostprocessing = 0;
		};
/* End PBXFrameworksBuildPhase section */

/* Begin PBXGroup section */
		4A7E29D51BE2A4590071A8A7 = {
			isa = PBXGroup;
			children = (
				4A7E29E01BE2A4590071A8A7 /* ReusableCellExample */,
				4A7E29F51BE2A4590071A8A7 /* ReusableCellExampleTests */,
				4A7E2A001BE2A4590071A8A7 /* ReusableCellExampleUITests */,
				4A7E29DF1BE2A4590071A8A7 /* Products */,
			);
			sourceTree = "<group>";
		};
		4A7E29DF1BE2A4590071A8A7 /* Products */ = {
			isa = PBXGroup;
			children = (
				4A7E29DE1BE2A4590071A8A7 /* ReusableCellExample.app */,
				4A7E29F21BE2A4590071A8A7 /* ReusableCellExampleTests.xctest */,
				4A7E29FD1BE2A4590071A8A7 /* ReusableCellExampleUITests.xctest */,
			);
			name = Products;
			sourceTree = "<group>";
		};
		4A7E29E01BE2A4590071A8A7 /* ReusableCellExample */ = {
			isa = PBXGroup;
			children = (
				4A7E29E11BE2A4590071A8A7 /* AppDelegate.swift */,
				4A7E2A151BE2B6D30071A8A7 /* TableViewController.swift */,
				4A7E29E51BE2A4590071A8A7 /* Main.storyboard */,
				4A7E2A0F1BE2A4CE0071A8A7 /* TableViewCell.swift */,
				4A7E2A101BE2A4CE0071A8A7 /* TableViewCell.xib */,
				4A7E29E81BE2A4590071A8A7 /* Assets.xcassets */,
				4A7E29EA1BE2A4590071A8A7 /* LaunchScreen.storyboard */,
				4A7E29ED1BE2A4590071A8A7 /* Info.plist */,
			);
			path = ReusableCellExample;
			sourceTree = "<group>";
		};
		4A7E29F51BE2A4590071A8A7 /* ReusableCellExampleTests */ = {
			isa = PBXGroup;
			children = (
				4A7E29F61BE2A4590071A8A7 /* ReusableCellExampleTests.swift */,
				4A7E29F81BE2A4590071A8A7 /* Info.plist */,
			);
			path = ReusableCellExampleTests;
			sourceTree = "<group>";
		};
		4A7E2A001BE2A4590071A8A7 /* ReusableCellExampleUITests */ = {
			isa = PBXGroup;
			children = (
				4A7E2A011BE2A4590071A8A7 /* ReusableCellExampleUITests.swift */,
				4A7E2A031BE2A4590071A8A7 /* Info.plist */,
			);
			path = ReusableCellExampleUITests;
			sourceTree = "<group>";
		};
/* End PBXGroup section */

/* Begin PBXNativeTarget section */
		4A7E29DD1BE2A4590071A8A7 /* ReusableCellExample */ = {
			isa = PBXNativeTarget;
			buildConfigurationList = 4A7E2A061BE2A4590071A8A7 /* Build configuration list for PBXNativeTarget "ReusableCellExample" */;
			buildPhases = (
				4A7E29DA1BE2A4590071A8A7 /* Sources */,
				4A7E29DB1BE2A4590071A8A7 /* Frameworks */,
				4A7E29DC1BE2A4590071A8A7 /* Resources */,
			);
			buildRules = (
			);
			dependencies = (
			);
			name = ReusableCellExample;
			productName = ReusableCellExample;
			productReference = 4A7E29DE1BE2A4590071A8A7 /* ReusableCellExample.app */;
			productType = "com.apple.product-type.application";
		};
		4A7E29F11BE2A4590071A8A7 /* ReusableCellExampleTests */ = {
			isa = PBXNativeTarget;
			buildConfigurationList = 4A7E2A091BE2A4590071A8A7 /* Build configuration list for PBXNativeTarget "ReusableCellExampleTests" */;
			buildPhases = (
				4A7E29EE1BE2A4590071A8A7 /* Sources */,
				4A7E29EF1BE2A4590071A8A7 /* Frameworks */,
				4A7E29F01BE2A4590071A8A7 /* Resources */,
			);
			buildRules = (
			);
			dependencies = (
				4A7E29F41BE2A4590071A8A7 /* PBXTargetDependency */,
			);
			name = ReusableCellExampleTests;
			productName = ReusableCellExampleTests;
			productReference = 4A7E29F21BE2A4590071A8A7 /* ReusableCellExampleTests.xctest */;
			productType = "com.apple.product-type.bundle.unit-test";
		};
		4A7E29FC1BE2A4590071A8A7 /* ReusableCellExampleUITests */ = {
			isa = PBXNativeTarget;
			buildConfigurationList = 4A7E2A0C1BE2A4590071A8A7 /* Build configuration list for PBXNativeTarget "ReusableCellExampleUITests" */;
			buildPhases = (
				4A7E29F91BE2A4590071A8A7 /* Sources */,
				4A7E29FA1BE2A4590071A8A7 /* Frameworks */,
				4A7E29FB1BE2A4590071A8A7 /* Resources */,
			);
			buildRules = (
			);
			dependencies = (
				4A7E29FF1BE2A4590071A8A7 /* PBXTargetDependency */,
			);
			name = ReusableCellExampleUITests;
			productName = ReusableCellExampleUITests;
			productReference = 4A7E29FD1BE2A4590071A8A7 /* ReusableCellExampleUITests.xctest */;
			productType = "com.apple.product-type.bundle.ui-testing";
		};
/* End PBXNativeTarget section */

/* Begin PBXProject section */
		4A7E29D61BE2A4590071A8A7 /* Project object */ = {
			isa = PBXProject;
			attributes = {
				LastSwiftUpdateCheck = 0710;
				LastUpgradeCheck = 0710;
				ORGANIZATIONNAME = "Eric Caminiti";
				TargetAttributes = {
					4A7E29DD1BE2A4590071A8A7 = {
						CreatedOnToolsVersion = 7.1;
					};
					4A7E29F11BE2A4590071A8A7 = {
						CreatedOnToolsVersion = 7.1;
						TestTargetID = 4A7E29DD1BE2A4590071A8A7;
					};
					4A7E29FC1BE2A4590071A8A7 = {
						CreatedOnToolsVersion = 7.1;
						TestTargetID = 4A7E29DD1BE2A4590071A8A7;
					};
				};
			};
			buildConfigurationList = 4A7E29D91BE2A4590071A8A7 /* Build configuration list for PBXProject "ReusableCellExample" */;
			compatibilityVersion = "Xcode 3.2";
			developmentRegion = English;
			hasScannedForEncodings = 0;
			knownRegions = (
				en,
				Base,
			);
			mainGroup = 4A7E29D51BE2A4590071A8A7;
			productRefGroup = 4A7E29DF1BE2A4590071A8A7 /* Products */;
			projectDirPath = "";
			projectRoot = "";
			targets = (
				4A7E29DD1BE2A4590071A8A7 /* ReusableCellExample */,
				4A7E29F11BE2A4590071A8A7 /* ReusableCellExampleTests */,
				4A7E29FC1BE2A4590071A8A7 /* ReusableCellExampleUITests */,
			);
		};
/* End PBXProject section */

/* Begin PBXResourcesBuildPhase section */
		4A7E29DC1BE2A4590071A8A7 /* Resources */ = {
			isa = PBXResourcesBuildPhase;
			buildActionMask = 2147483647;
			files = (
				4A7E29EC1BE2A4590071A8A7 /* LaunchScreen.storyboard in Resources */,
				4A7E2A121BE2A4CE0071A8A7 /* TableViewCell.xib in Resources */,
				4A7E29E91BE2A4590071A8A7 /* Assets.xcassets in Resources */,
				4A7E29E71BE2A4590071A8A7 /* Main.storyboard in Resources */,
			);
			runOnlyForDeploymentPostprocessing = 0;
		};
		4A7E29F01BE2A4590071A8A7 /* Resources */ = {
			isa = PBXResourcesBuildPhase;
			buildActionMask = 2147483647;
			files = (
			);
			runOnlyForDeploymentPostprocessing = 0;
		};
		4A7E29FB1BE2A4590071A8A7 /* Resources */ = {
			isa = PBXResourcesBuildPhase;
			buildActionMask = 2147483647;
			files = (
			);
			runOnlyForDeploymentPostprocessing = 0;
		};
/* End PBXResourcesBuildPhase section */

/* Begin PBXSourcesBuildPhase section */
		4A7E29DA1BE2A4590071A8A7 /* Sources */ = {
			isa = PBXSourcesBuildPhase;
			buildActionMask = 2147483647;
			files = (
				4A7E2A111BE2A4CE0071A8A7 /* TableViewCell.swift in Sources */,
				4A7E2A161BE2B6D30071A8A7 /* TableViewController.swift in Sources */,
				4A7E29E21BE2A4590071A8A7 /* AppDelegate.swift in Sources */,
			);
			runOnlyForDeploymentPostprocessing = 0;
		};
		4A7E29EE1BE2A4590071A8A7 /* Sources */ = {
			isa = PBXSourcesBuildPhase;
			buildActionMask = 2147483647;
			files = (
				4A7E29F71BE2A4590071A8A7 /* ReusableCellExampleTests.swift in Sources */,
			);
			runOnlyForDeploymentPostprocessing = 0;
		};
		4A7E29F91BE2A4590071A8A7 /* Sources */ = {
			isa = PBXSourcesBuildPhase;
			buildActionMask = 2147483647;
			files = (
				4A7E2A021BE2A4590071A8A7 /* ReusableCellExampleUITests.swift in Sources */,
			);
			runOnlyForDeploymentPostprocessing = 0;
		};
/* End PBXSourcesBuildPhase section */

/* Begin PBXTargetDependency section */
		4A7E29F41BE2A4590071A8A7 /* PBXTargetDependency */ = {
			isa = PBXTargetDependency;
			target = 4A7E29DD1BE2A4590071A8A7 /* ReusableCellExample */;
			targetProxy = 4A7E29F31BE2A4590071A8A7 /* PBXContainerItemProxy */;
		};
		4A7E29FF1BE2A4590071A8A7 /* PBXTargetDependency */ = {
			isa = PBXTargetDependency;
			target = 4A7E29DD1BE2A4590071A8A7 /* ReusableCellExample */;
			targetProxy = 4A7E29FE1BE2A4590071A8A7 /* PBXContainerItemProxy */;
		};
/* End PBXTargetDependency section */

/* Begin PBXVariantGroup section */
		4A7E29E51BE2A4590071A8A7 /* Main.storyboard */ = {
			isa = PBXVariantGroup;
			children = (
				4A7E29E61BE2A4590071A8A7 /* Base */,
			);
			name = Main.storyboard;
			sourceTree = "<group>";
		};
		4A7E29EA1BE2A4590071A8A7 /* LaunchScreen.storyboard */ = {
			isa = PBXVariantGroup;
			children = (
				4A7E29EB1BE2A4590071A8A7 /* Base */,
			);
			name = LaunchScreen.storyboard;
			sourceTree = "<group>";
		};
/* End PBXVariantGroup section */

/* Begin XCBuildConfiguration section */
		4A7E2A041BE2A4590071A8A7 /* Debug */ = {
			isa = XCBuildConfiguration;
			buildSettings = {
				ALWAYS_SEARCH_USER_PATHS = NO;
				CLANG_CXX_LANGUAGE_STANDARD = "gnu++0x";
				CLANG_CXX_LIBRARY = "libc++";
				CLANG_ENABLE_MODULES = YES;
				CLANG_ENABLE_OBJC_ARC = YES;
				CLANG_WARN_BOOL_CONVERSION = YES;
				CLANG_WARN_CONSTANT_CONVERSION = YES;
				CLANG_WARN_DIRECT_OBJC_ISA_USAGE = YES_ERROR;
				CLANG_WARN_EMPTY_BODY = YES;
				CLANG_WARN_ENUM_CONVERSION = YES;
				CLANG_WARN_INT_CONVERSION = YES;
				CLANG_WARN_OBJC_ROOT_CLASS = YES_ERROR;
				CLANG_WARN_UNREACHABLE_CODE = YES;
				CLANG_WARN__DUPLICATE_METHOD_MATCH = YES;
				"CODE_SIGN_IDENTITY[sdk=iphoneos*]" = "iPhone Developer";
				COPY_PHASE_STRIP = NO;
				DEBUG_INFORMATION_FORMAT = dwarf;
				ENABLE_STRICT_OBJC_MSGSEND = YES;
				ENABLE_TESTABILITY = YES;
				GCC_C_LANGUAGE_STANDARD = gnu99;
				GCC_DYNAMIC_NO_PIC = NO;
				GCC_NO_COMMON_BLOCKS = YES;
				GCC_OPTIMIZATION_LEVEL = 0;
				GCC_PREPROCESSOR_DEFINITIONS = (
					"DEBUG=1",
					"$(inherited)",
				);
				GCC_WARN_64_TO_32_BIT_CONVERSION = YES;
				GCC_WARN_ABOUT_RETURN_TYPE = YES_ERROR;
				GCC_WARN_UNDECLARED_SELECTOR = YES;
				GCC_WARN_UNINITIALIZED_AUTOS = YES_AGGRESSIVE;
				GCC_WARN_UNUSED_FUNCTION = YES;
				GCC_WARN_UNUSED_VARIABLE = YES;
				IPHONEOS_DEPLOYMENT_TARGET = 9.1;
				MTL_ENABLE_DEBUG_INFO = YES;
				ONLY_ACTIVE_ARCH = YES;
				SDKROOT = iphoneos;
				SWIFT_OPTIMIZATION_LEVEL = "-Onone";
				TARGETED_DEVICE_FAMILY = "1,2";
			};
			name = Debug;
		};
		4A7E2A051BE2A4590071A8A7 /* Release */ = {
			isa = XCBuildConfiguration;
			buildSettings = {
				ALWAYS_SEARCH_USER_PATHS = NO;
				CLANG_CXX_LANGUAGE_STANDARD = "gnu++0x";
				CLANG_CXX_LIBRARY = "libc++";
				CLANG_ENABLE_MODULES = YES;
				CLANG_ENABLE_OBJC_ARC = YES;
				CLANG_WARN_BOOL_CONVERSION = YES;
				CLANG_WARN_CONSTANT_CONVERSION = YES;
				CLANG_WARN_DIRECT_OBJC_ISA_USAGE = YES_ERROR;
				CLANG_WARN_EMPTY_BODY = YES;
				CLANG_WARN_ENUM_CONVERSION = YES;
				CLANG_WARN_INT_CONVERSION = YES;
				CLANG_WARN_OBJC_ROOT_CLASS = YES_ERROR;
				CLANG_WARN_UNREACHABLE_CODE = YES;
				CLANG_WARN__DUPLICATE_METHOD_MATCH = YES;
				"CODE_SIGN_IDENTITY[sdk=iphoneos*]" = "iPhone Developer";
				COPY_PHASE_STRIP = NO;
				DEBUG_INFORMATION_FORMAT = "dwarf-with-dsym";
				ENABLE_NS_ASSERTIONS = NO;
				ENABLE_STRICT_OBJC_MSGSEND = YES;
				GCC_C_LANGUAGE_STANDARD = gnu99;
				GCC_NO_COMMON_BLOCKS = YES;
				GCC_WARN_64_TO_32_BIT_CONVERSION = YES;
				GCC_WARN_ABOUT_RETURN_TYPE = YES_ERROR;
				GCC_WARN_UNDECLARED_SELECTOR = YES;
				GCC_WARN_UNINITIALIZED_AUTOS = YES_AGGRESSIVE;
				GCC_WARN_UNUSED_FUNCTION = YES;
				GCC_WARN_UNUSED_VARIABLE = YES;
				IPHONEOS_DEPLOYMENT_TARGET = 9.1;
				MTL_ENABLE_DEBUG_INFO = NO;
				SDKROOT = iphoneos;
				TARGETED_DEVICE_FAMILY = "1,2";
				VALIDATE_PRODUCT = YES;
			};
			name = Release;
		};
		4A7E2A071BE2A4590071A8A7 /* Debug */ = {
			isa = XCBuildConfiguration;
			buildSettings = {
				ASSETCATALOG_COMPILER_APPICON_NAME = AppIcon;
				INFOPLIST_FILE = ReusableCellExample/Info.plist;
				LD_RUNPATH_SEARCH_PATHS = "$(inherited) @executable_path/Frameworks";
				PRODUCT_BUNDLE_IDENTIFIER = com.aboutobjects.ReusableCellExample;
				PRODUCT_NAME = "$(TARGET_NAME)";
			};
			name = Debug;
		};
		4A7E2A081BE2A4590071A8A7 /* Release */ = {
			isa = XCBuildConfiguration;
			buildSettings = {
				ASSETCATALOG_COMPILER_APPICON_NAME = AppIcon;
				INFOPLIST_FILE = ReusableCellExample/Info.plist;
				LD_RUNPATH_SEARCH_PATHS = "$(inherited) @executable_path/Frameworks";
				PRODUCT_BUNDLE_IDENTIFIER = com.aboutobjects.ReusableCellExample;
				PRODUCT_NAME = "$(TARGET_NAME)";
			};
			name = Release;
		};
		4A7E2A0A1BE2A4590071A8A7 /* Debug */ = {
			isa = XCBuildConfiguration;
			buildSettings = {
				BUNDLE_LOADER = "$(TEST_HOST)";
				INFOPLIST_FILE = ReusableCellExampleTests/Info.plist;
				LD_RUNPATH_SEARCH_PATHS = "$(inherited) @executable_path/Frameworks @loader_path/Frameworks";
				PRODUCT_BUNDLE_IDENTIFIER = com.aboutobjects.ReusableCellExampleTests;
				PRODUCT_NAME = "$(TARGET_NAME)";
				TEST_HOST = "$(BUILT_PRODUCTS_DIR)/ReusableCellExample.app/ReusableCellExample";
			};
			name = Debug;
		};
		4A7E2A0B1BE2A4590071A8A7 /* Release */ = {
			isa = XCBuildConfiguration;
			buildSettings = {
				BUNDLE_LOADER = "$(TEST_HOST)";
				INFOPLIST_FILE = ReusableCellExampleTests/Info.plist;
				LD_RUNPATH_SEARCH_PATHS = "$(inherited) @executable_path/Frameworks @loader_path/Frameworks";
				PRODUCT_BUNDLE_IDENTIFIER = com.aboutobjects.ReusableCellExampleTests;
				PRODUCT_NAME = "$(TARGET_NAME)";
				TEST_HOST = "$(BUILT_PRODUCTS_DIR)/ReusableCellExample.app/ReusableCellExample";
			};
			name = Release;
		};
		4A7E2A0D1BE2A4590071A8A7 /* Debug */ = {
			isa = XCBuildConfiguration;
			buildSettings = {
				INFOPLIST_FILE = ReusableCellExampleUITests/Info.plist;
				LD_RUNPATH_SEARCH_PATHS = "$(inherited) @executable_path/Frameworks @loader_path/Frameworks";
				PRODUCT_BUNDLE_IDENTIFIER = com.aboutobjects.ReusableCellExampleUITests;
				PRODUCT_NAME = "$(TARGET_NAME)";
				TEST_TARGET_NAME = ReusableCellExample;
				USES_XCTRUNNER = YES;
			};
			name = Debug;
		};
		4A7E2A0E1BE2A4590071A8A7 /* Release */ = {
			isa = XCBuildConfiguration;
			buildSettings = {
				INFOPLIST_FILE = ReusableCellExampleUITests/Info.plist;
				LD_RUNPATH_SEARCH_PATHS = "$(inherited) @executable_path/Frameworks @loader_path/Frameworks";
				PRODUCT_BUNDLE_IDENTIFIER = com.aboutobjects.ReusableCellExampleUITests;
				PRODUCT_NAME = "$(TARGET_NAME)";
				TEST_TARGET_NAME = ReusableCellExample;
				USES_XCTRUNNER = YES;
			};
			name = Release;
		};
/* End XCBuildConfiguration section */

/* Begin XCConfigurationList section */
		4A7E29D91BE2A4590071A8A7 /* Build configuration list for PBXProject "ReusableCellExample" */ = {
			isa = XCConfigurationList;
			buildConfigurations = (
				4A7E2A041BE2A4590071A8A7 /* Debug */,
				4A7E2A051BE2A4590071A8A7 /* Release */,
			);
			defaultConfigurationIsVisible = 0;
			defaultConfigurationName = Release;
		};
		4A7E2A061BE2A4590071A8A7 /* Build configuration list for PBXNativeTarget "ReusableCellExample" */ = {
			isa = XCConfigurationList;
			buildConfigurations = (
				4A7E2A071BE2A4590071A8A7 /* Debug */,
				4A7E2A081BE2A4590071A8A7 /* Release */,
			);
			defaultConfigurationIsVisible = 0;
			defaultConfigurationName = Release;
		};
		4A7E2A091BE2A4590071A8A7 /* Build configuration list for PBXNativeTarget "ReusableCellExampleTests" */ = {
			isa = XCConfigurationList;
			buildConfigurations = (
				4A7E2A0A1BE2A4590071A8A7 /* Debug */,
				4A7E2A0B1BE2A4590071A8A7 /* Release */,
			);
			defaultConfigurationIsVisible = 0;
			defaultConfigurationName = Release;
		};
		4A7E2A0C1BE2A4590071A8A7 /* Build configuration list for PBXNativeTarget "ReusableCellExampleUITests" */ = {
			isa = XCConfigurationList;
			buildConfigurations = (
				4A7E2A0D1BE2A4590071A8A7 /* Debug */,
				4A7E2A0E1BE2A4590071A8A7 /* Release */,
			);
			defaultConfigurationIsVisible = 0;
			defaultConfigurationName = Release;
		};
/* End XCConfigurationList section */
	};
	rootObject = 4A7E29D61BE2A4590071A8A7 /* Project object */;
}
